// !$*UTF8*$!
{
	archiveVersion = 1;
	classes = {
	};
	objectVersion = 46;
	objects = {

/* Begin PBXBuildFile section */
		685770092C566A792A80E219 /* Throughput.swift in Sources */ = {isa = PBXBuildFile; fileRef = 68577461748ED9B6D14C1DC7 /* Throughput.swift */; };
		685772A770481495C346D89D /* Simulator.swift in Sources */ = {isa = PBXBuildFile; fileRef = 685774F21F662583E0C66410 /* Simulator.swift */; };
		685772DB07D6778FE7B7DC6A /* Topology.swift in Sources */ = {isa = PBXBuildFile; fileRef = 68577DB0B7B13FA7C3FF0737 /* Topology.swift */; };
		685774BD6AC12CB25C9A5C4B /* NodeID.swift in Sources */ = {isa = PBXBuildFile; fileRef = 6857732D9F03108ACE4CCF56 /* NodeID.swift */; };
		685776059AB33D9675196BFD /* SDNSwitch.swift in Sources */ = {isa = PBXBuildFile; fileRef = 68577403941BD869B1DA14C8 /* SDNSwitch.swift */; };
		6857762ED9754FBBA58479A9 /* SDNController.swift in Sources */ = {isa = PBXBuildFile; fileRef = 68577173587315230249749E /* SDNController.swift */; };
		6857769DB8E1FDFE564841FC /* main.swift in Sources */ = {isa = PBXBuildFile; fileRef = 68577C1D5FA1B05FF3285189 /* main.swift */; };
		6857778BAAF48224A19A1A6E /* Edge.swift in Sources */ = {isa = PBXBuildFile; fileRef = 685771DD129AAB74153BE1FF /* Edge.swift */; };
		685778483EF21E9267ABFBC6 /* Networks.swift in Sources */ = {isa = PBXBuildFile; fileRef = 68577EE8B9E3B683AD4DF405 /* Networks.swift */; };
		685779CD0493E8B16E035E9E /* PacketSize.swift in Sources */ = {isa = PBXBuildFile; fileRef = 68577EFE7E8A55AC571DC5B7 /* PacketSize.swift */; };
		68577B0A054E6BF12C204E22 /* Link.swift in Sources */ = {isa = PBXBuildFile; fileRef = 68577E84A24BFA30990FA6D6 /* Link.swift */; };
		68577B8DAB9BE02DD645FC42 /* TimeOffset.swift in Sources */ = {isa = PBXBuildFile; fileRef = 6857794223F612DC22B6E30C /* TimeOffset.swift */; };
		68577E3588098C6522D13137 /* Node.swift in Sources */ = {isa = PBXBuildFile; fileRef = 685772E9C5FB6EA46C2C5708 /* Node.swift */; };
		68577EF2EC949CE9F66DF006 /* Packet.swift in Sources */ = {isa = PBXBuildFile; fileRef = 68577137C90FBDA29A8E82F3 /* Packet.swift */; };
/* End PBXBuildFile section */

/* Begin PBXCopyFilesBuildPhase section */
		685776F8AF1CBA8B9CDC67AA /* CopyFiles */ = {
			isa = PBXCopyFilesBuildPhase;
			buildActionMask = 2147483647;
			dstPath = /usr/share/man/man1/;
			dstSubfolderSpec = 0;
			files = (
			);
			runOnlyForDeploymentPostprocessing = 1;
		};
/* End PBXCopyFilesBuildPhase section */

/* Begin PBXFileReference section */
		68577137C90FBDA29A8E82F3 /* Packet.swift */ = {isa = PBXFileReference; fileEncoding = 4; lastKnownFileType = sourcecode.swift; path = Packet.swift; sourceTree = "<group>"; };
		68577173587315230249749E /* SDNController.swift */ = {isa = PBXFileReference; fileEncoding = 4; lastKnownFileType = sourcecode.swift; path = SDNController.swift; sourceTree = "<group>"; };
		685771DD129AAB74153BE1FF /* Edge.swift */ = {isa = PBXFileReference; fileEncoding = 4; lastKnownFileType = sourcecode.swift; path = Edge.swift; sourceTree = "<group>"; };
		685772E9C5FB6EA46C2C5708 /* Node.swift */ = {isa = PBXFileReference; fileEncoding = 4; lastKnownFileType = sourcecode.swift; path = Node.swift; sourceTree = "<group>"; };
		6857732D9F03108ACE4CCF56 /* NodeID.swift */ = {isa = PBXFileReference; fileEncoding = 4; lastKnownFileType = sourcecode.swift; path = NodeID.swift; sourceTree = "<group>"; };
		68577403941BD869B1DA14C8 /* SDNSwitch.swift */ = {isa = PBXFileReference; fileEncoding = 4; lastKnownFileType = sourcecode.swift; path = SDNSwitch.swift; sourceTree = "<group>"; };
		68577461748ED9B6D14C1DC7 /* Throughput.swift */ = {isa = PBXFileReference; fileEncoding = 4; lastKnownFileType = sourcecode.swift; path = Throughput.swift; sourceTree = "<group>"; };
		685774F21F662583E0C66410 /* Simulator.swift */ = {isa = PBXFileReference; fileEncoding = 4; lastKnownFileType = sourcecode.swift; path = Simulator.swift; sourceTree = "<group>"; };
		68577573ABC07203A1C2F205 /* SDN_Simulator */ = {isa = PBXFileReference; explicitFileType = "compiled.mach-o.executable"; includeInIndex = 0; path = SDN_Simulator; sourceTree = BUILT_PRODUCTS_DIR; };
		6857794223F612DC22B6E30C /* TimeOffset.swift */ = {isa = PBXFileReference; fileEncoding = 4; lastKnownFileType = sourcecode.swift; path = TimeOffset.swift; sourceTree = "<group>"; };
		68577C1D5FA1B05FF3285189 /* main.swift */ = {isa = PBXFileReference; lastKnownFileType = sourcecode.swift; path = main.swift; sourceTree = "<group>"; };
		68577DB0B7B13FA7C3FF0737 /* Topology.swift */ = {isa = PBXFileReference; fileEncoding = 4; lastKnownFileType = sourcecode.swift; path = Topology.swift; sourceTree = "<group>"; };
		68577E84A24BFA30990FA6D6 /* Link.swift */ = {isa = PBXFileReference; fileEncoding = 4; lastKnownFileType = sourcecode.swift; path = Link.swift; sourceTree = "<group>"; };
		68577EE8B9E3B683AD4DF405 /* Networks.swift */ = {isa = PBXFileReference; fileEncoding = 4; lastKnownFileType = sourcecode.swift; path = Networks.swift; sourceTree = "<group>"; };
		68577EFE7E8A55AC571DC5B7 /* PacketSize.swift */ = {isa = PBXFileReference; fileEncoding = 4; lastKnownFileType = sourcecode.swift; path = PacketSize.swift; sourceTree = "<group>"; };
/* End PBXFileReference section */

/* Begin PBXFrameworksBuildPhase section */
		685779EC0E7A27E0AC604DF9 /* Frameworks */ = {
			isa = PBXFrameworksBuildPhase;
			buildActionMask = 2147483647;
			files = (
			);
			runOnlyForDeploymentPostprocessing = 0;
		};
/* End PBXFrameworksBuildPhase section */

/* Begin PBXGroup section */
		685773705FD41472CACD5C3B /* SDN_Simulator */ = {
			isa = PBXGroup;
			children = (
				68577C1D5FA1B05FF3285189 /* main.swift */,
				68577EE8B9E3B683AD4DF405 /* Networks.swift */,
				685772E9C5FB6EA46C2C5708 /* Node.swift */,
				685771DD129AAB74153BE1FF /* Edge.swift */,
				68577173587315230249749E /* SDNController.swift */,
				68577403941BD869B1DA14C8 /* SDNSwitch.swift */,
				68577E84A24BFA30990FA6D6 /* Link.swift */,
				68577137C90FBDA29A8E82F3 /* Packet.swift */,
				685774F21F662583E0C66410 /* Simulator.swift */,
				68577DB0B7B13FA7C3FF0737 /* Topology.swift */,
				6857794223F612DC22B6E30C /* TimeOffset.swift */,
				68577EFE7E8A55AC571DC5B7 /* PacketSize.swift */,
				6857732D9F03108ACE4CCF56 /* NodeID.swift */,
				68577461748ED9B6D14C1DC7 /* Throughput.swift */,
			);
			path = SDN_Simulator;
			sourceTree = "<group>";
		};
		685775AD670FBAC60147CD88 /* Products */ = {
			isa = PBXGroup;
			children = (
				68577573ABC07203A1C2F205 /* SDN_Simulator */,
			);
			name = Products;
			sourceTree = "<group>";
		};
		68577E4B771C7D56106737E5 = {
			isa = PBXGroup;
			children = (
				685775AD670FBAC60147CD88 /* Products */,
				685773705FD41472CACD5C3B /* SDN_Simulator */,
			);
			sourceTree = "<group>";
		};
/* End PBXGroup section */

/* Begin PBXNativeTarget section */
		68577E8A57A9C4FC32A1EB00 /* SDN_Simulator */ = {
			isa = PBXNativeTarget;
			buildConfigurationList = 685774AA7C8441712B04ABA3 /* Build configuration list for PBXNativeTarget "SDN_Simulator" */;
			buildPhases = (
				68577ECCC4DB7796104660E1 /* Sources */,
				685779EC0E7A27E0AC604DF9 /* Frameworks */,
				685776F8AF1CBA8B9CDC67AA /* CopyFiles */,
			);
			buildRules = (
			);
			dependencies = (
			);
			name = SDN_Simulator;
			productName = SDN_Simulator;
			productReference = 68577573ABC07203A1C2F205 /* SDN_Simulator */;
			productType = "com.apple.product-type.tool";
		};
/* End PBXNativeTarget section */

/* Begin PBXProject section */
		685774C4465CD6F05448EFF7 /* Project object */ = {
			isa = PBXProject;
			buildConfigurationList = 68577660EC8E02B13E73B18C /* Build configuration list for PBXProject "SDN_Simulator" */;
			compatibilityVersion = "Xcode 3.2";
			developmentRegion = English;
			hasScannedForEncodings = 0;
			knownRegions = (
				en,
			);
			mainGroup = 68577E4B771C7D56106737E5;
			productRefGroup = 685775AD670FBAC60147CD88 /* Products */;
			projectDirPath = "";
			projectRoot = "";
			targets = (
				68577E8A57A9C4FC32A1EB00 /* SDN_Simulator */,
			);
		};
/* End PBXProject section */

/* Begin PBXSourcesBuildPhase section */
		68577ECCC4DB7796104660E1 /* Sources */ = {
			isa = PBXSourcesBuildPhase;
			buildActionMask = 2147483647;
			files = (
				6857769DB8E1FDFE564841FC /* main.swift in Sources */,
				685778483EF21E9267ABFBC6 /* Networks.swift in Sources */,
				68577E3588098C6522D13137 /* Node.swift in Sources */,
				6857778BAAF48224A19A1A6E /* Edge.swift in Sources */,
				6857762ED9754FBBA58479A9 /* SDNController.swift in Sources */,
				685776059AB33D9675196BFD /* SDNSwitch.swift in Sources */,
				68577B0A054E6BF12C204E22 /* Link.swift in Sources */,
				68577EF2EC949CE9F66DF006 /* Packet.swift in Sources */,
				685772A770481495C346D89D /* Simulator.swift in Sources */,
				685772DB07D6778FE7B7DC6A /* Topology.swift in Sources */,
				68577B8DAB9BE02DD645FC42 /* TimeOffset.swift in Sources */,
				685779CD0493E8B16E035E9E /* PacketSize.swift in Sources */,
				685774BD6AC12CB25C9A5C4B /* NodeID.swift in Sources */,
				685770092C566A792A80E219 /* Throughput.swift in Sources */,
			);
			runOnlyForDeploymentPostprocessing = 0;
		};
/* End PBXSourcesBuildPhase section */

/* Begin XCBuildConfiguration section */
		6857707FD10476A1597E41FF /* Release */ = {
			isa = XCBuildConfiguration;
			buildSettings = {
				PRODUCT_NAME = "$(TARGET_NAME)";
				SWIFT_VERSION = 5.0;
			};
			name = Release;
		};
		685779DB9A7FC3A976BCDF6D /* Debug */ = {
			isa = XCBuildConfiguration;
			buildSettings = {
				PRODUCT_NAME = "$(TARGET_NAME)";
				SWIFT_VERSION = 5.0;
			};
			name = Debug;
		};
		68577AA87B93EED52CEB8FE8 /* Release */ = {
			isa = XCBuildConfiguration;
			buildSettings = {
				ALWAYS_SEARCH_USER_PATHS = NO;
				CLANG_ANALYZER_NONNULL = YES;
				CLANG_ANALYZER_NUMBER_OBJECT_CONVERSION = YES_AGGRESSIVE;
				CLANG_CXX_LANGUAGE_STANDARD = "gnu++17";
				CLANG_ENABLE_MODULES = YES;
				CLANG_ENABLE_OBJC_ARC = YES;
				CLANG_ENABLE_OBJC_WEAK = YES;
				CLANG_WARN_BLOCK_CAPTURE_AUTORELEASING = YES;
				CLANG_WARN_BOOL_CONVERSION = YES;
				CLANG_WARN_COMMA = YES;
				CLANG_WARN_CONSTANT_CONVERSION = YES;
				CLANG_WARN_DEPRECATED_OBJC_IMPLEMENTATIONS = YES;
				CLANG_WARN_DIRECT_OBJC_ISA_USAGE = YES_ERROR;
				CLANG_WARN_DOCUMENTATION_COMMENTS = YES;
				CLANG_WARN_EMPTY_BODY = YES;
				CLANG_WARN_ENUM_CONVERSION = YES;
				CLANG_WARN_INFINITE_RECURSION = YES;
				CLANG_WARN_INT_CONVERSION = YES;
				CLANG_WARN_NON_LITERAL_NULL_CONVERSION = YES;
				CLANG_WARN_OBJC_IMPLICIT_RETAIN_SELF = YES;
				CLANG_WARN_OBJC_LITERAL_CONVERSION = YES;
				CLANG_WARN_OBJC_ROOT_CLASS = YES_ERROR;
				CLANG_WARN_QUOTED_INCLUDE_IN_FRAMEWORK_HEADER = YES;
				CLANG_WARN_RANGE_LOOP_ANALYSIS = YES;
				CLANG_WARN_STRICT_PROTOTYPES = YES;
				CLANG_WARN_SUSPICIOUS_MOVE = YES;
				CLANG_WARN_UNGUARDED_AVAILABILITY = YES_AGGRESSIVE;
				CLANG_WARN_UNREACHABLE_CODE = YES;
				CLANG_WARN__DUPLICATE_METHOD_MATCH = YES;
				COPY_PHASE_STRIP = NO;
				DEBUG_INFORMATION_FORMAT = "dwarf-with-dsym";
				ENABLE_NS_ASSERTIONS = NO;
				ENABLE_STRICT_OBJC_MSGSEND = YES;
				GCC_C_LANGUAGE_STANDARD = gnu11;
				GCC_NO_COMMON_BLOCKS = YES;
				GCC_WARN_64_TO_32_BIT_CONVERSION = YES;
				GCC_WARN_ABOUT_RETURN_TYPE = YES_ERROR;
				GCC_WARN_UNDECLARED_SELECTOR = YES;
				GCC_WARN_UNINITIALIZED_AUTOS = YES_AGGRESSIVE;
				GCC_WARN_UNUSED_FUNCTION = YES;
				GCC_WARN_UNUSED_VARIABLE = YES;
				MACOSX_DEPLOYMENT_TARGET = 12.3;
				MTL_ENABLE_DEBUG_INFO = NO;
				MTL_FAST_MATH = YES;
				SDKROOT = macosx;
				SWIFT_COMPILATION_MODE = wholemodule;
				SWIFT_OPTIMIZATION_LEVEL = "-O";
			};
			name = Release;
		};
		68577F009EFA1AE2DD269163 /* Debug */ = {
			isa = XCBuildConfiguration;
			buildSettings = {
				ALWAYS_SEARCH_USER_PATHS = NO;
				CLANG_ANALYZER_NONNULL = YES;
				CLANG_ANALYZER_NUMBER_OBJECT_CONVERSION = YES_AGGRESSIVE;
				CLANG_CXX_LANGUAGE_STANDARD = "gnu++17";
				CLANG_ENABLE_MODULES = YES;
				CLANG_ENABLE_OBJC_ARC = YES;
				CLANG_ENABLE_OBJC_WEAK = YES;
				CLANG_WARN_BLOCK_CAPTURE_AUTORELEASING = YES;
				CLANG_WARN_BOOL_CONVERSION = YES;
				CLANG_WARN_COMMA = YES;
				CLANG_WARN_CONSTANT_CONVERSION = YES;
				CLANG_WARN_DEPRECATED_OBJC_IMPLEMENTATIONS = YES;
				CLANG_WARN_DIRECT_OBJC_ISA_USAGE = YES_ERROR;
				CLANG_WARN_DOCUMENTATION_COMMENTS = YES;
				CLANG_WARN_EMPTY_BODY = YES;
				CLANG_WARN_ENUM_CONVERSION = YES;
				CLANG_WARN_INFINITE_RECURSION = YES;
				CLANG_WARN_INT_CONVERSION = YES;
				CLANG_WARN_NON_LITERAL_NULL_CONVERSION = YES;
				CLANG_WARN_OBJC_IMPLICIT_RETAIN_SELF = YES;
				CLANG_WARN_OBJC_LITERAL_CONVERSION = YES;
				CLANG_WARN_OBJC_ROOT_CLASS = YES_ERROR;
				CLANG_WARN_QUOTED_INCLUDE_IN_FRAMEWORK_HEADER = YES;
				CLANG_WARN_RANGE_LOOP_ANALYSIS = YES;
				CLANG_WARN_STRICT_PROTOTYPES = YES;
				CLANG_WARN_SUSPICIOUS_MOVE = YES;
				CLANG_WARN_UNGUARDED_AVAILABILITY = YES_AGGRESSIVE;
				CLANG_WARN_UNREACHABLE_CODE = YES;
				CLANG_WARN__DUPLICATE_METHOD_MATCH = YES;
				COPY_PHASE_STRIP = NO;
				DEBUG_INFORMATION_FORMAT = dwarf;
				ENABLE_STRICT_OBJC_MSGSEND = YES;
				ENABLE_TESTABILITY = YES;
				GCC_C_LANGUAGE_STANDARD = gnu11;
				GCC_DYNAMIC_NO_PIC = NO;
				GCC_NO_COMMON_BLOCKS = YES;
				GCC_OPTIMIZATION_LEVEL = 0;
				GCC_PREPROCESSOR_DEFINITIONS = (
					"DEBUG=1",
					"$(inherited)",
				);
				GCC_WARN_64_TO_32_BIT_CONVERSION = YES;
				GCC_WARN_ABOUT_RETURN_TYPE = YES_ERROR;
				GCC_WARN_UNDECLARED_SELECTOR = YES;
				GCC_WARN_UNINITIALIZED_AUTOS = YES_AGGRESSIVE;
				GCC_WARN_UNUSED_FUNCTION = YES;
				GCC_WARN_UNUSED_VARIABLE = YES;
				MACOSX_DEPLOYMENT_TARGET = 12.3;
				MTL_ENABLE_DEBUG_INFO = INCLUDE_SOURCE;
				MTL_FAST_MATH = YES;
				ONLY_ACTIVE_ARCH = YES;
				SDKROOT = macosx;
				SWIFT_ACTIVE_COMPILATION_CONDITIONS = DEBUG;
				SWIFT_OPTIMIZATION_LEVEL = "-Onone";
			};
			name = Debug;
		};
/* End XCBuildConfiguration section */

/* Begin XCConfigurationList section */
		685774AA7C8441712B04ABA3 /* Build configuration list for PBXNativeTarget "SDN_Simulator" */ = {
			isa = XCConfigurationList;
			buildConfigurations = (
				685779DB9A7FC3A976BCDF6D /* Debug */,
				6857707FD10476A1597E41FF /* Release */,
			);
			defaultConfigurationIsVisible = 0;
		};
		68577660EC8E02B13E73B18C /* Build configuration list for PBXProject "SDN_Simulator" */ = {
			isa = XCConfigurationList;
			buildConfigurations = (
				68577F009EFA1AE2DD269163 /* Debug */,
				68577AA87B93EED52CEB8FE8 /* Release */,
			);
			defaultConfigurationIsVisible = 0;
			defaultConfigurationName = Release;
		};
/* End XCConfigurationList section */
	};
	rootObject = 685774C4465CD6F05448EFF7 /* Project object */;
}
