<?xml version="1.0" encoding="UTF-8"?>
<Scheme
   version = "1.3">
   <BuildAction>
      <BuildActionEntries>
         <BuildActionEntry
            buildForRunning = "YES">
            <BuildableReference
               BuildableIdentifier = "primary"
               BlueprintIdentifier = "68577E8A57A9C4FC32A1EB00"
               BuildableName = "SDN_Simulator"
               BlueprintName = "SDN_Simulator"
               ReferencedContainer = "container:SDN_Simulator.xcodeproj">
            </BuildableReference>
         </BuildActionEntry>
      </BuildActionEntries>
   </BuildAction>
   <LaunchAction
      useCustomWorkingDirectory = "NO"
      buildConfiguration = "Debug"
      allowLocationSimulation = "YES">
      <BuildableProductRunnable>
         <BuildableReference
            BuildableIdentifier = "primary"
            BlueprintIdentifier = "68577E8A57A9C4FC32A1EB00"
            BuildableName = "SDN_Simulator"
            BlueprintName = "SDN_Simulator"
            ReferencedContainer = "container:SDN_Simulator.xcodeproj">
         </BuildableReference>
      </BuildableProductRunnable>
   </LaunchAction>
</Scheme>
